// !$*UTF8*$!
{
	archiveVersion = 1;
	classes = {
	};
	objectVersion = 46;
	objects = {

/* Begin PBXBuildFile section */
		5794A2D01D98FEC10088C9C5 /* VQModels.m in Sources */ = {isa = PBXBuildFile; fileRef = 5794A2CF1D98FEC10088C9C5 /* VQModels.m */; };
		5794A2D31D98FF1D0088C9C5 /* VQCustomGestureTestView.m in Sources */ = {isa = PBXBuildFile; fileRef = 5794A2D21D98FF1D0088C9C5 /* VQCustomGestureTestView.m */; };
		57BD2B191DBF4F4E00C5E802 /* FLCombo.m in Sources */ = {isa = PBXBuildFile; fileRef = 57BD2B171DBF4F4E00C5E802 /* FLCombo.m */; };
		B60AAF951DB2267C000FC854 /* TOUCHKitView.m in Sources */ = {isa = PBXBuildFile; fileRef = B60AAF941DB2267C000FC854 /* TOUCHKitView.m */; };
		B60AAF981DB226AE000FC854 /* TOUCHOverlayWindow.m in Sources */ = {isa = PBXBuildFile; fileRef = B60AAF971DB226AE000FC854 /* TOUCHOverlayWindow.m */; };
		B60AAF9B1DB3B5B6000FC854 /* VQPushButton.m in Sources */ = {isa = PBXBuildFile; fileRef = B60AAF9A1DB3B5B6000FC854 /* VQPushButton.m */; };
		B60AAF9E1DB3C348000FC854 /* VQSecondViewController.m in Sources */ = {isa = PBXBuildFile; fileRef = B60AAF9D1DB3C348000FC854 /* VQSecondViewController.m */; };
		B6121EC41D86716F0066C818 /* main.m in Sources */ = {isa = PBXBuildFile; fileRef = B6121EC31D86716F0066C818 /* main.m */; };
		B6121EC71D86716F0066C818 /* AppDelegate.m in Sources */ = {isa = PBXBuildFile; fileRef = B6121EC61D86716F0066C818 /* AppDelegate.m */; };
		B6121ECA1D86716F0066C818 /* ViewController.m in Sources */ = {isa = PBXBuildFile; fileRef = B6121EC91D86716F0066C818 /* ViewController.m */; };
		B6121ECD1D86716F0066C818 /* Main.storyboard in Resources */ = {isa = PBXBuildFile; fileRef = B6121ECB1D86716F0066C818 /* Main.storyboard */; };
		B6121ED01D86716F0066C818 /* Core_iOS_Learning.xcdatamodeld in Sources */ = {isa = PBXBuildFile; fileRef = B6121ECE1D86716F0066C818 /* Core_iOS_Learning.xcdatamodeld */; };
		B6121ED21D86716F0066C818 /* Assets.xcassets in Resources */ = {isa = PBXBuildFile; fileRef = B6121ED11D86716F0066C818 /* Assets.xcassets */; };
		B6121ED51D86716F0066C818 /* LaunchScreen.storyboard in Resources */ = {isa = PBXBuildFile; fileRef = B6121ED31D86716F0066C818 /* LaunchScreen.storyboard */; };
		B6121EDF1D8671AA0066C818 /* VQImageView.m in Sources */ = {isa = PBXBuildFile; fileRef = B6121EDE1D8671AA0066C818 /* VQImageView.m */; };
		B6121EE31D8673870066C818 /* UIView+transform.m in Sources */ = {isa = PBXBuildFile; fileRef = B6121EE21D8673870066C818 /* UIView+transform.m */; };
		B6121EE61D8693070066C818 /* cap.jpg in Resources */ = {isa = PBXBuildFile; fileRef = B6121EE51D8693070066C818 /* cap.jpg */; };
		B64705181DB9026D00DE4C0D /* VQProjectUtility.m in Sources */ = {isa = PBXBuildFile; fileRef = B64705171DB9026D00DE4C0D /* VQProjectUtility.m */; };
		B647051B1DB90CDA00DE4C0D /* VQCustomSlider.m in Sources */ = {isa = PBXBuildFile; fileRef = B647051A1DB90CDA00DE4C0D /* VQCustomSlider.m */; };
		B67068851D995E63009E9128 /* VQDragView.m in Sources */ = {isa = PBXBuildFile; fileRef = B67068841D995E63009E9128 /* VQDragView.m */; };
		B67068881D996871009E9128 /* VQPullView.m in Sources */ = {isa = PBXBuildFile; fileRef = B67068871D996871009E9128 /* VQPullView.m */; };
		B692E0BA1DBB9D9C00379902 /* VQColorControl.m in Sources */ = {isa = PBXBuildFile; fileRef = B692E0B91DBB9D9C00379902 /* VQColorControl.m */; };
		B692E0BD1DBBACDB00379902 /* VQRatingSlider.m in Sources */ = {isa = PBXBuildFile; fileRef = B692E0BC1DBBACDB00379902 /* VQRatingSlider.m */; };
		B692E0C01DBCA77700379902 /* VQScrollWheel.m in Sources */ = {isa = PBXBuildFile; fileRef = B692E0BF1DBCA77700379902 /* VQScrollWheel.m */; };
		B692F8FF1D97A92200457383 /* VQCircleRecognizer.m in Sources */ = {isa = PBXBuildFile; fileRef = B692F8FE1D97A92200457383 /* VQCircleRecognizer.m */; };
		B692F90D1D97AC1500457383 /* VQGeometry.m in Sources */ = {isa = PBXBuildFile; fileRef = B692F90C1D97AC1500457383 /* VQGeometry.m */; };
		B692F9111D98183100457383 /* UIBezierPath+Points.m in Sources */ = {isa = PBXBuildFile; fileRef = B692F9101D98183100457383 /* UIBezierPath+Points.m */; };
		B699DD9F1D87A6EA00382BEC /* VQHitTestImageView.m in Sources */ = {isa = PBXBuildFile; fileRef = B699DD9E1D87A6EA00382BEC /* VQHitTestImageView.m */; };
		B6B699485329701538FF4A84 /* Pods_Core_iOS_Learning.framework in Frameworks */ = {isa = PBXBuildFile; fileRef = A892222B8DC1A0633F6627AD /* Pods_Core_iOS_Learning.framework */; };
		B6C45F171D89783A000EF40C /* VQSmoothDrawingView.m in Sources */ = {isa = PBXBuildFile; fileRef = B6C45F161D89783A000EF40C /* VQSmoothDrawingView.m */; };
		B6C45F1A1D897884000EF40C /* UIBezierPath+Smoothing.m in Sources */ = {isa = PBXBuildFile; fileRef = B6C45F191D897884000EF40C /* UIBezierPath+Smoothing.m */; };
/* End PBXBuildFile section */

/* Begin PBXFileReference section */
		5794A2CE1D98FEC10088C9C5 /* VQModels.h */ = {isa = PBXFileReference; fileEncoding = 4; lastKnownFileType = sourcecode.c.h; path = VQModels.h; sourceTree = "<group>"; };
		5794A2CF1D98FEC10088C9C5 /* VQModels.m */ = {isa = PBXFileReference; fileEncoding = 4; lastKnownFileType = sourcecode.c.objc; path = VQModels.m; sourceTree = "<group>"; };
		5794A2D11D98FF1D0088C9C5 /* VQCustomGestureTestView.h */ = {isa = PBXFileReference; fileEncoding = 4; lastKnownFileType = sourcecode.c.h; path = VQCustomGestureTestView.h; sourceTree = "<group>"; };
		5794A2D21D98FF1D0088C9C5 /* VQCustomGestureTestView.m */ = {isa = PBXFileReference; fileEncoding = 4; lastKnownFileType = sourcecode.c.objc; path = VQCustomGestureTestView.m; sourceTree = "<group>"; };
		57BD2B171DBF4F4E00C5E802 /* FLCombo.m */ = {isa = PBXFileReference; fileEncoding = 4; lastKnownFileType = sourcecode.c.objc; path = FLCombo.m; sourceTree = "<group>"; };
		57BD2B181DBF4F4E00C5E802 /* FLCombo.h */ = {isa = PBXFileReference; fileEncoding = 4; lastKnownFileType = sourcecode.c.h; path = FLCombo.h; sourceTree = "<group>"; };
		91F843E1750F49B4E09D251D /* Pods-Core iOS Learning.debug.xcconfig */ = {isa = PBXFileReference; includeInIndex = 1; lastKnownFileType = text.xcconfig; name = "Pods-Core iOS Learning.debug.xcconfig"; path = "Pods/Target Support Files/Pods-Core iOS Learning/Pods-Core iOS Learning.debug.xcconfig"; sourceTree = "<group>"; };
		A892222B8DC1A0633F6627AD /* Pods_Core_iOS_Learning.framework */ = {isa = PBXFileReference; explicitFileType = wrapper.framework; includeInIndex = 0; path = Pods_Core_iOS_Learning.framework; sourceTree = BUILT_PRODUCTS_DIR; };
		B60AAF931DB2267C000FC854 /* TOUCHKitView.h */ = {isa = PBXFileReference; fileEncoding = 4; lastKnownFileType = sourcecode.c.h; path = TOUCHKitView.h; sourceTree = "<group>"; };
		B60AAF941DB2267C000FC854 /* TOUCHKitView.m */ = {isa = PBXFileReference; fileEncoding = 4; lastKnownFileType = sourcecode.c.objc; path = TOUCHKitView.m; sourceTree = "<group>"; };
		B60AAF961DB226AE000FC854 /* TOUCHOverlayWindow.h */ = {isa = PBXFileReference; fileEncoding = 4; lastKnownFileType = sourcecode.c.h; path = TOUCHOverlayWindow.h; sourceTree = "<group>"; };
		B60AAF971DB226AE000FC854 /* TOUCHOverlayWindow.m */ = {isa = PBXFileReference; fileEncoding = 4; lastKnownFileType = sourcecode.c.objc; path = TOUCHOverlayWindow.m; sourceTree = "<group>"; };
		B60AAF991DB3B5B6000FC854 /* VQPushButton.h */ = {isa = PBXFileReference; fileEncoding = 4; lastKnownFileType = sourcecode.c.h; path = VQPushButton.h; sourceTree = "<group>"; };
		B60AAF9A1DB3B5B6000FC854 /* VQPushButton.m */ = {isa = PBXFileReference; fileEncoding = 4; lastKnownFileType = sourcecode.c.objc; path = VQPushButton.m; sourceTree = "<group>"; };
		B60AAF9C1DB3C348000FC854 /* VQSecondViewController.h */ = {isa = PBXFileReference; fileEncoding = 4; lastKnownFileType = sourcecode.c.h; path = VQSecondViewController.h; sourceTree = "<group>"; };
		B60AAF9D1DB3C348000FC854 /* VQSecondViewController.m */ = {isa = PBXFileReference; fileEncoding = 4; lastKnownFileType = sourcecode.c.objc; path = VQSecondViewController.m; sourceTree = "<group>"; };
		B6121EBF1D86716F0066C818 /* Core iOS Learning.app */ = {isa = PBXFileReference; explicitFileType = wrapper.application; includeInIndex = 0; path = "Core iOS Learning.app"; sourceTree = BUILT_PRODUCTS_DIR; };
		B6121EC31D86716F0066C818 /* main.m */ = {isa = PBXFileReference; lastKnownFileType = sourcecode.c.objc; path = main.m; sourceTree = "<group>"; };
		B6121EC51D86716F0066C818 /* AppDelegate.h */ = {isa = PBXFileReference; lastKnownFileType = sourcecode.c.h; path = AppDelegate.h; sourceTree = "<group>"; };
		B6121EC61D86716F0066C818 /* AppDelegate.m */ = {isa = PBXFileReference; lastKnownFileType = sourcecode.c.objc; path = AppDelegate.m; sourceTree = "<group>"; };
		B6121EC81D86716F0066C818 /* ViewController.h */ = {isa = PBXFileReference; lastKnownFileType = sourcecode.c.h; path = ViewController.h; sourceTree = "<group>"; };
		B6121EC91D86716F0066C818 /* ViewController.m */ = {isa = PBXFileReference; lastKnownFileType = sourcecode.c.objc; path = ViewController.m; sourceTree = "<group>"; };
		B6121ECC1D86716F0066C818 /* Base */ = {isa = PBXFileReference; lastKnownFileType = file.storyboard; name = Base; path = Base.lproj/Main.storyboard; sourceTree = "<group>"; };
		B6121ECF1D86716F0066C818 /* Core_iOS_Learning.xcdatamodel */ = {isa = PBXFileReference; lastKnownFileType = wrapper.xcdatamodel; path = Core_iOS_Learning.xcdatamodel; sourceTree = "<group>"; };
		B6121ED11D86716F0066C818 /* Assets.xcassets */ = {isa = PBXFileReference; lastKnownFileType = folder.assetcatalog; path = Assets.xcassets; sourceTree = "<group>"; };
		B6121ED41D86716F0066C818 /* Base */ = {isa = PBXFileReference; lastKnownFileType = file.storyboard; name = Base; path = Base.lproj/LaunchScreen.storyboard; sourceTree = "<group>"; };
		B6121ED61D86716F0066C818 /* Info.plist */ = {isa = PBXFileReference; lastKnownFileType = text.plist.xml; path = Info.plist; sourceTree = "<group>"; };
		B6121EDD1D8671AA0066C818 /* VQImageView.h */ = {isa = PBXFileReference; fileEncoding = 4; lastKnownFileType = sourcecode.c.h; path = VQImageView.h; sourceTree = "<group>"; };
		B6121EDE1D8671AA0066C818 /* VQImageView.m */ = {isa = PBXFileReference; fileEncoding = 4; lastKnownFileType = sourcecode.c.objc; path = VQImageView.m; sourceTree = "<group>"; };
		B6121EE11D8673870066C818 /* UIView+transform.h */ = {isa = PBXFileReference; fileEncoding = 4; lastKnownFileType = sourcecode.c.h; path = "UIView+transform.h"; sourceTree = "<group>"; };
		B6121EE21D8673870066C818 /* UIView+transform.m */ = {isa = PBXFileReference; fileEncoding = 4; lastKnownFileType = sourcecode.c.objc; path = "UIView+transform.m"; sourceTree = "<group>"; };
		B6121EE51D8693070066C818 /* cap.jpg */ = {isa = PBXFileReference; lastKnownFileType = image.jpeg; path = cap.jpg; sourceTree = "<group>"; };
		B64705161DB9026D00DE4C0D /* VQProjectUtility.h */ = {isa = PBXFileReference; fileEncoding = 4; lastKnownFileType = sourcecode.c.h; path = VQProjectUtility.h; sourceTree = "<group>"; };
		B64705171DB9026D00DE4C0D /* VQProjectUtility.m */ = {isa = PBXFileReference; fileEncoding = 4; lastKnownFileType = sourcecode.c.objc; path = VQProjectUtility.m; sourceTree = "<group>"; };
		B64705191DB90CDA00DE4C0D /* VQCustomSlider.h */ = {isa = PBXFileReference; fileEncoding = 4; lastKnownFileType = sourcecode.c.h; path = VQCustomSlider.h; sourceTree = "<group>"; };
		B647051A1DB90CDA00DE4C0D /* VQCustomSlider.m */ = {isa = PBXFileReference; fileEncoding = 4; lastKnownFileType = sourcecode.c.objc; path = VQCustomSlider.m; sourceTree = "<group>"; };
		B67068831D995E63009E9128 /* VQDragView.h */ = {isa = PBXFileReference; fileEncoding = 4; lastKnownFileType = sourcecode.c.h; path = VQDragView.h; sourceTree = "<group>"; };
		B67068841D995E63009E9128 /* VQDragView.m */ = {isa = PBXFileReference; fileEncoding = 4; lastKnownFileType = sourcecode.c.objc; path = VQDragView.m; sourceTree = "<group>"; };
		B67068861D996871009E9128 /* VQPullView.h */ = {isa = PBXFileReference; fileEncoding = 4; lastKnownFileType = sourcecode.c.h; path = VQPullView.h; sourceTree = "<group>"; };
		B67068871D996871009E9128 /* VQPullView.m */ = {isa = PBXFileReference; fileEncoding = 4; lastKnownFileType = sourcecode.c.objc; path = VQPullView.m; sourceTree = "<group>"; };
		B692E0B81DBB9D9C00379902 /* VQColorControl.h */ = {isa = PBXFileReference; fileEncoding = 4; lastKnownFileType = sourcecode.c.h; path = VQColorControl.h; sourceTree = "<group>"; };
		B692E0B91DBB9D9C00379902 /* VQColorControl.m */ = {isa = PBXFileReference; fileEncoding = 4; lastKnownFileType = sourcecode.c.objc; path = VQColorControl.m; sourceTree = "<group>"; };
		B692E0BB1DBBACDB00379902 /* VQRatingSlider.h */ = {isa = PBXFileReference; fileEncoding = 4; lastKnownFileType = sourcecode.c.h; path = VQRatingSlider.h; sourceTree = "<group>"; };
		B692E0BC1DBBACDB00379902 /* VQRatingSlider.m */ = {isa = PBXFileReference; fileEncoding = 4; lastKnownFileType = sourcecode.c.objc; path = VQRatingSlider.m; sourceTree = "<group>"; };
		B692E0BE1DBCA77700379902 /* VQScrollWheel.h */ = {isa = PBXFileReference; fileEncoding = 4; lastKnownFileType = sourcecode.c.h; path = VQScrollWheel.h; sourceTree = "<group>"; };
		B692E0BF1DBCA77700379902 /* VQScrollWheel.m */ = {isa = PBXFileReference; fileEncoding = 4; lastKnownFileType = sourcecode.c.objc; path = VQScrollWheel.m; sourceTree = "<group>"; };
		B692F8FD1D97A92200457383 /* VQCircleRecognizer.h */ = {isa = PBXFileReference; fileEncoding = 4; lastKnownFileType = sourcecode.c.h; path = VQCircleRecognizer.h; sourceTree = "<group>"; };
		B692F8FE1D97A92200457383 /* VQCircleRecognizer.m */ = {isa = PBXFileReference; fileEncoding = 4; lastKnownFileType = sourcecode.c.objc; path = VQCircleRecognizer.m; sourceTree = "<group>"; };
		B692F90C1D97AC1500457383 /* VQGeometry.m */ = {isa = PBXFileReference; fileEncoding = 4; lastKnownFileType = sourcecode.c.objc; path = VQGeometry.m; sourceTree = "<group>"; };
		B692F90E1D97AC3300457383 /* VQGeometry.h */ = {isa = PBXFileReference; lastKnownFileType = sourcecode.c.h; path = VQGeometry.h; sourceTree = "<group>"; };
		B692F90F1D98183100457383 /* UIBezierPath+Points.h */ = {isa = PBXFileReference; fileEncoding = 4; lastKnownFileType = sourcecode.c.h; path = "UIBezierPath+Points.h"; sourceTree = "<group>"; };
		B692F9101D98183100457383 /* UIBezierPath+Points.m */ = {isa = PBXFileReference; fileEncoding = 4; lastKnownFileType = sourcecode.c.objc; path = "UIBezierPath+Points.m"; sourceTree = "<group>"; };
		B699DD9D1D87A6EA00382BEC /* VQHitTestImageView.h */ = {isa = PBXFileReference; fileEncoding = 4; lastKnownFileType = sourcecode.c.h; path = VQHitTestImageView.h; sourceTree = "<group>"; };
		B699DD9E1D87A6EA00382BEC /* VQHitTestImageView.m */ = {isa = PBXFileReference; fileEncoding = 4; lastKnownFileType = sourcecode.c.objc; path = VQHitTestImageView.m; sourceTree = "<group>"; };
		B6C45F151D89783A000EF40C /* VQSmoothDrawingView.h */ = {isa = PBXFileReference; fileEncoding = 4; lastKnownFileType = sourcecode.c.h; path = VQSmoothDrawingView.h; sourceTree = "<group>"; };
		B6C45F161D89783A000EF40C /* VQSmoothDrawingView.m */ = {isa = PBXFileReference; fileEncoding = 4; lastKnownFileType = sourcecode.c.objc; path = VQSmoothDrawingView.m; sourceTree = "<group>"; };
		B6C45F181D897884000EF40C /* UIBezierPath+Smoothing.h */ = {isa = PBXFileReference; fileEncoding = 4; lastKnownFileType = sourcecode.c.h; path = "UIBezierPath+Smoothing.h"; sourceTree = "<group>"; };
		B6C45F191D897884000EF40C /* UIBezierPath+Smoothing.m */ = {isa = PBXFileReference; fileEncoding = 4; lastKnownFileType = sourcecode.c.objc; path = "UIBezierPath+Smoothing.m"; sourceTree = "<group>"; };
		E4D2008A82AF51B0E982AE7B /* Pods-Core iOS Learning.release.xcconfig */ = {isa = PBXFileReference; includeInIndex = 1; lastKnownFileType = text.xcconfig; name = "Pods-Core iOS Learning.release.xcconfig"; path = "Pods/Target Support Files/Pods-Core iOS Learning/Pods-Core iOS Learning.release.xcconfig"; sourceTree = "<group>"; };
/* End PBXFileReference section */

/* Begin PBXFrameworksBuildPhase section */
		B6121EBC1D86716F0066C818 /* Frameworks */ = {
			isa = PBXFrameworksBuildPhase;
			buildActionMask = 2147483647;
			files = (
				B6B699485329701538FF4A84 /* Pods_Core_iOS_Learning.framework in Frameworks */,
			);
			runOnlyForDeploymentPostprocessing = 0;
		};
/* End PBXFrameworksBuildPhase section */

/* Begin PBXGroup section */
		053F2F34040A9DFE51275DE9 /* Pods */ = {
			isa = PBXGroup;
			children = (
				91F843E1750F49B4E09D251D /* Pods-Core iOS Learning.debug.xcconfig */,
				E4D2008A82AF51B0E982AE7B /* Pods-Core iOS Learning.release.xcconfig */,
			);
			name = Pods;
			sourceTree = "<group>";
		};
		28CD4C3D7459BDDD47553A18 /* Frameworks */ = {
			isa = PBXGroup;
			children = (
				A892222B8DC1A0633F6627AD /* Pods_Core_iOS_Learning.framework */,
			);
			name = Frameworks;
			sourceTree = "<group>";
		};
		5794A2C91D98FE430088C9C5 /* Extensions&Category */ = {
			isa = PBXGroup;
			children = (
				B692F90F1D98183100457383 /* UIBezierPath+Points.h */,
				B692F9101D98183100457383 /* UIBezierPath+Points.m */,
				B6C45F181D897884000EF40C /* UIBezierPath+Smoothing.h */,
				B6C45F191D897884000EF40C /* UIBezierPath+Smoothing.m */,
				B6121EE11D8673870066C818 /* UIView+transform.h */,
				B6121EE21D8673870066C818 /* UIView+transform.m */,
			);
			path = "Extensions&Category";
			sourceTree = "<group>";
		};
		B6121EB61D86716F0066C818 = {
			isa = PBXGroup;
			children = (
				B6121EC11D86716F0066C818 /* Core iOS Learning */,
				B6121EC01D86716F0066C818 /* Products */,
				053F2F34040A9DFE51275DE9 /* Pods */,
				28CD4C3D7459BDDD47553A18 /* Frameworks */,
			);
			sourceTree = "<group>";
		};
		B6121EC01D86716F0066C818 /* Products */ = {
			isa = PBXGroup;
			children = (
				B6121EBF1D86716F0066C818 /* Core iOS Learning.app */,
			);
			name = Products;
			sourceTree = "<group>";
		};
		B6121EC11D86716F0066C818 /* Core iOS Learning */ = {
			isa = PBXGroup;
			children = (
				5794A2C91D98FE430088C9C5 /* Extensions&Category */,
				B692F8F91D964D0B00457383 /* Models */,
				B6121EE71D86930D0066C818 /* Resources */,
				B6121EC21D86716F0066C818 /* Supporting Files */,
				B6121EE01D86734D0066C818 /* Tools */,
				B6121EE41D8692D60066C818 /* ViewControllers */,
				B6121EDC1D86717D0066C818 /* Views */,
				B6121ED61D86716F0066C818 /* Info.plist */,
			);
			path = "Core iOS Learning";
			sourceTree = "<group>";
		};
		B6121EC21D86716F0066C818 /* Supporting Files */ = {
			isa = PBXGroup;
			children = (
				B6121ECE1D86716F0066C818 /* Core_iOS_Learning.xcdatamodeld */,
				B6121EC31D86716F0066C818 /* main.m */,
			);
			path = "Supporting Files";
			sourceTree = "<group>";
		};
		B6121EDC1D86717D0066C818 /* Views */ = {
			isa = PBXGroup;
			children = (
				B699DD9D1D87A6EA00382BEC /* VQHitTestImageView.h */,
				B699DD9E1D87A6EA00382BEC /* VQHitTestImageView.m */,
				B64705191DB90CDA00DE4C0D /* VQCustomSlider.h */,
				B647051A1DB90CDA00DE4C0D /* VQCustomSlider.m */,
				B67068831D995E63009E9128 /* VQDragView.h */,
				B67068841D995E63009E9128 /* VQDragView.m */,
				B67068861D996871009E9128 /* VQPullView.h */,
				B67068871D996871009E9128 /* VQPullView.m */,
				B6121EDD1D8671AA0066C818 /* VQImageView.h */,
				B6121EDE1D8671AA0066C818 /* VQImageView.m */,
				B6C45F151D89783A000EF40C /* VQSmoothDrawingView.h */,
				B6C45F161D89783A000EF40C /* VQSmoothDrawingView.m */,
				5794A2D11D98FF1D0088C9C5 /* VQCustomGestureTestView.h */,
				5794A2D21D98FF1D0088C9C5 /* VQCustomGestureTestView.m */,
				B60AAF991DB3B5B6000FC854 /* VQPushButton.h */,
				B60AAF9A1DB3B5B6000FC854 /* VQPushButton.m */,
				B692E0B81DBB9D9C00379902 /* VQColorControl.h */,
				B692E0B91DBB9D9C00379902 /* VQColorControl.m */,
				B692E0BB1DBBACDB00379902 /* VQRatingSlider.h */,
				B692E0BC1DBBACDB00379902 /* VQRatingSlider.m */,
				B692E0BE1DBCA77700379902 /* VQScrollWheel.h */,
				B692E0BF1DBCA77700379902 /* VQScrollWheel.m */,
				57BD2B171DBF4F4E00C5E802 /* FLCombo.m */,
				57BD2B181DBF4F4E00C5E802 /* FLCombo.h */,
			);
			path = Views;
			sourceTree = "<group>";
		};
		B6121EE01D86734D0066C818 /* Tools */ = {
			isa = PBXGroup;
			children = (
				B692F8FD1D97A92200457383 /* VQCircleRecognizer.h */,
				B692F8FE1D97A92200457383 /* VQCircleRecognizer.m */,
				B692F90E1D97AC3300457383 /* VQGeometry.h */,
				B692F90C1D97AC1500457383 /* VQGeometry.m */,
				B60AAF931DB2267C000FC854 /* TOUCHKitView.h */,
				B60AAF941DB2267C000FC854 /* TOUCHKitView.m */,
				B60AAF961DB226AE000FC854 /* TOUCHOverlayWindow.h */,
				B60AAF971DB226AE000FC854 /* TOUCHOverlayWindow.m */,
				B64705161DB9026D00DE4C0D /* VQProjectUtility.h */,
				B64705171DB9026D00DE4C0D /* VQProjectUtility.m */,
			);
			path = Tools;
			sourceTree = "<group>";
		};
		B6121EE41D8692D60066C818 /* ViewControllers */ = {
			isa = PBXGroup;
			children = (
				B6121EC51D86716F0066C818 /* AppDelegate.h */,
				B6121EC61D86716F0066C818 /* AppDelegate.m */,
				B6121EC81D86716F0066C818 /* ViewController.h */,
				B6121EC91D86716F0066C818 /* ViewController.m */,
				B60AAF9C1DB3C348000FC854 /* VQSecondViewController.h */,
				B60AAF9D1DB3C348000FC854 /* VQSecondViewController.m */,
			);
			path = ViewControllers;
			sourceTree = "<group>";
		};
		B6121EE71D86930D0066C818 /* Resources */ = {
			isa = PBXGroup;
			children = (
				B6121ED11D86716F0066C818 /* Assets.xcassets */,
				B6121ED31D86716F0066C818 /* LaunchScreen.storyboard */,
				B6121ECB1D86716F0066C818 /* Main.storyboard */,
				B6121EE51D8693070066C818 /* cap.jpg */,
			);
			path = Resources;
			sourceTree = "<group>";
		};
		B692F8F91D964D0B00457383 /* Models */ = {
			isa = PBXGroup;
			children = (
				5794A2CE1D98FEC10088C9C5 /* VQModels.h */,
				5794A2CF1D98FEC10088C9C5 /* VQModels.m */,
			);
			path = Models;
			sourceTree = "<group>";
		};
/* End PBXGroup section */

/* Begin PBXNativeTarget section */
		B6121EBE1D86716F0066C818 /* Core iOS Learning */ = {
			isa = PBXNativeTarget;
			buildConfigurationList = B6121ED91D86716F0066C818 /* Build configuration list for PBXNativeTarget "Core iOS Learning" */;
			buildPhases = (
				395844145B57B86C38FE33EF /* [CP] Check Pods Manifest.lock */,
				B6121EBB1D86716F0066C818 /* Sources */,
				B6121EBC1D86716F0066C818 /* Frameworks */,
				B6121EBD1D86716F0066C818 /* Resources */,
				D71747D3C5C32E8FE4E8DBBA /* [CP] Embed Pods Frameworks */,
				09C390870F1C61945DF21D34 /* [CP] Copy Pods Resources */,
			);
			buildRules = (
			);
			dependencies = (
			);
			name = "Core iOS Learning";
			productName = "Core iOS Learning";
			productReference = B6121EBF1D86716F0066C818 /* Core iOS Learning.app */;
			productType = "com.apple.product-type.application";
		};
/* End PBXNativeTarget section */

/* Begin PBXProject section */
		B6121EB71D86716F0066C818 /* Project object */ = {
			isa = PBXProject;
			attributes = {
				CLASSPREFIX = VQ;
				LastUpgradeCheck = 0800;
				ORGANIZATIONNAME = "Victor Qi";
				TargetAttributes = {
					B6121EBE1D86716F0066C818 = {
						CreatedOnToolsVersion = 7.3.1;
						DevelopmentTeam = YZ2L42YQ8T;
					};
				};
			};
			buildConfigurationList = B6121EBA1D86716F0066C818 /* Build configuration list for PBXProject "Core iOS Learning" */;
			compatibilityVersion = "Xcode 3.2";
			developmentRegion = English;
			hasScannedForEncodings = 0;
			knownRegions = (
				en,
				Base,
			);
			mainGroup = B6121EB61D86716F0066C818;
			productRefGroup = B6121EC01D86716F0066C818 /* Products */;
			projectDirPath = "";
			projectRoot = "";
			targets = (
				B6121EBE1D86716F0066C818 /* Core iOS Learning */,
			);
		};
/* End PBXProject section */

/* Begin PBXResourcesBuildPhase section */
		B6121EBD1D86716F0066C818 /* Resources */ = {
			isa = PBXResourcesBuildPhase;
			buildActionMask = 2147483647;
			files = (
				B6121ED51D86716F0066C818 /* LaunchScreen.storyboard in Resources */,
				B6121ED21D86716F0066C818 /* Assets.xcassets in Resources */,
				B6121EE61D8693070066C818 /* cap.jpg in Resources */,
				B6121ECD1D86716F0066C818 /* Main.storyboard in Resources */,
			);
			runOnlyForDeploymentPostprocessing = 0;
		};
/* End PBXResourcesBuildPhase section */

/* Begin PBXShellScriptBuildPhase section */
		09C390870F1C61945DF21D34 /* [CP] Copy Pods Resources */ = {
			isa = PBXShellScriptBuildPhase;
			buildActionMask = 2147483647;
			files = (
			);
			inputPaths = (
			);
			name = "[CP] Copy Pods Resources";
			outputPaths = (
			);
			runOnlyForDeploymentPostprocessing = 0;
			shellPath = /bin/sh;
			shellScript = "\"${SRCROOT}/Pods/Target Support Files/Pods-Core iOS Learning/Pods-Core iOS Learning-resources.sh\"\n";
			showEnvVarsInLog = 0;
		};
		395844145B57B86C38FE33EF /* [CP] Check Pods Manifest.lock */ = {
			isa = PBXShellScriptBuildPhase;
			buildActionMask = 2147483647;
			files = (
			);
			inputPaths = (
			);
			name = "[CP] Check Pods Manifest.lock";
			outputPaths = (
			);
			runOnlyForDeploymentPostprocessing = 0;
			shellPath = /bin/sh;
			shellScript = "diff \"${PODS_ROOT}/../Podfile.lock\" \"${PODS_ROOT}/Manifest.lock\" > /dev/null\nif [[ $? != 0 ]] ; then\n    cat << EOM\nerror: The sandbox is not in sync with the Podfile.lock. Run 'pod install' or update your CocoaPods installation.\nEOM\n    exit 1\nfi\n";
			showEnvVarsInLog = 0;
		};
		D71747D3C5C32E8FE4E8DBBA /* [CP] Embed Pods Frameworks */ = {
			isa = PBXShellScriptBuildPhase;
			buildActionMask = 2147483647;
			files = (
			);
			inputPaths = (
			);
			name = "[CP] Embed Pods Frameworks";
			outputPaths = (
			);
			runOnlyForDeploymentPostprocessing = 0;
			shellPath = /bin/sh;
			shellScript = "\"${SRCROOT}/Pods/Target Support Files/Pods-Core iOS Learning/Pods-Core iOS Learning-frameworks.sh\"\n";
			showEnvVarsInLog = 0;
		};
/* End PBXShellScriptBuildPhase section */

/* Begin PBXSourcesBuildPhase section */
		B6121EBB1D86716F0066C818 /* Sources */ = {
			isa = PBXSourcesBuildPhase;
			buildActionMask = 2147483647;
			files = (
				B692E0BA1DBB9D9C00379902 /* VQColorControl.m in Sources */,
				B6C45F1A1D897884000EF40C /* UIBezierPath+Smoothing.m in Sources */,
				B692E0BD1DBBACDB00379902 /* VQRatingSlider.m in Sources */,
				5794A2D01D98FEC10088C9C5 /* VQModels.m in Sources */,
				B647051B1DB90CDA00DE4C0D /* VQCustomSlider.m in Sources */,
				B60AAF9B1DB3B5B6000FC854 /* VQPushButton.m in Sources */,
				B6C45F171D89783A000EF40C /* VQSmoothDrawingView.m in Sources */,
				B692F90D1D97AC1500457383 /* VQGeometry.m in Sources */,
				B6121ED01D86716F0066C818 /* Core_iOS_Learning.xcdatamodeld in Sources */,
				B6121EE31D8673870066C818 /* UIView+transform.m in Sources */,
				B67068881D996871009E9128 /* VQPullView.m in Sources */,
				B64705181DB9026D00DE4C0D /* VQProjectUtility.m in Sources */,
				B6121ECA1D86716F0066C818 /* ViewController.m in Sources */,
				B6121EC71D86716F0066C818 /* AppDelegate.m in Sources */,
				5794A2D31D98FF1D0088C9C5 /* VQCustomGestureTestView.m in Sources */,
				B67068851D995E63009E9128 /* VQDragView.m in Sources */,
				B692F8FF1D97A92200457383 /* VQCircleRecognizer.m in Sources */,
				B60AAF9E1DB3C348000FC854 /* VQSecondViewController.m in Sources */,
				B692E0C01DBCA77700379902 /* VQScrollWheel.m in Sources */,
				B692F9111D98183100457383 /* UIBezierPath+Points.m in Sources */,
				B6121EC41D86716F0066C818 /* main.m in Sources */,
				B60AAF951DB2267C000FC854 /* TOUCHKitView.m in Sources */,
				57BD2B191DBF4F4E00C5E802 /* FLCombo.m in Sources */,
				B6121EDF1D8671AA0066C818 /* VQImageView.m in Sources */,
				B60AAF981DB226AE000FC854 /* TOUCHOverlayWindow.m in Sources */,
				B699DD9F1D87A6EA00382BEC /* VQHitTestImageView.m in Sources */,
			);
			runOnlyForDeploymentPostprocessing = 0;
		};
/* End PBXSourcesBuildPhase section */

/* Begin PBXVariantGroup section */
		B6121ECB1D86716F0066C818 /* Main.storyboard */ = {
			isa = PBXVariantGroup;
			children = (
				B6121ECC1D86716F0066C818 /* Base */,
			);
			name = Main.storyboard;
			path = .;
			sourceTree = "<group>";
		};
		B6121ED31D86716F0066C818 /* LaunchScreen.storyboard */ = {
			isa = PBXVariantGroup;
			children = (
				B6121ED41D86716F0066C818 /* Base */,
			);
			name = LaunchScreen.storyboard;
			path = .;
			sourceTree = "<group>";
		};
/* End PBXVariantGroup section */

/* Begin XCBuildConfiguration section */
		B6121ED71D86716F0066C818 /* Debug */ = {
			isa = XCBuildConfiguration;
			buildSettings = {
				ALWAYS_SEARCH_USER_PATHS = NO;
				CLANG_ANALYZER_NONNULL = YES;
				CLANG_CXX_LANGUAGE_STANDARD = "gnu++0x";
				CLANG_CXX_LIBRARY = "libc++";
				CLANG_ENABLE_MODULES = YES;
				CLANG_ENABLE_OBJC_ARC = YES;
				CLANG_WARN_BOOL_CONVERSION = YES;
				CLANG_WARN_CONSTANT_CONVERSION = YES;
				CLANG_WARN_DIRECT_OBJC_ISA_USAGE = YES_ERROR;
				CLANG_WARN_EMPTY_BODY = YES;
				CLANG_WARN_ENUM_CONVERSION = YES;
				CLANG_WARN_INFINITE_RECURSION = YES;
				CLANG_WARN_INT_CONVERSION = YES;
				CLANG_WARN_OBJC_ROOT_CLASS = YES_ERROR;
				CLANG_WARN_SUSPICIOUS_MOVE = YES;
				CLANG_WARN_UNREACHABLE_CODE = YES;
				CLANG_WARN__DUPLICATE_METHOD_MATCH = YES;
				"CODE_SIGN_IDENTITY[sdk=iphoneos*]" = "iPhone Developer";
				COPY_PHASE_STRIP = NO;
				DEBUG_INFORMATION_FORMAT = dwarf;
				ENABLE_STRICT_OBJC_MSGSEND = YES;
				ENABLE_TESTABILITY = YES;
				GCC_C_LANGUAGE_STANDARD = gnu99;
				GCC_DYNAMIC_NO_PIC = NO;
				GCC_NO_COMMON_BLOCKS = YES;
				GCC_OPTIMIZATION_LEVEL = 0;
				GCC_PREPROCESSOR_DEFINITIONS = (
					"DEBUG=1",
					"$(inherited)",
				);
				GCC_WARN_64_TO_32_BIT_CONVERSION = YES;
				GCC_WARN_ABOUT_RETURN_TYPE = YES_ERROR;
				GCC_WARN_UNDECLARED_SELECTOR = YES;
				GCC_WARN_UNINITIALIZED_AUTOS = YES_AGGRESSIVE;
				GCC_WARN_UNUSED_FUNCTION = YES;
				GCC_WARN_UNUSED_VARIABLE = YES;
				IPHONEOS_DEPLOYMENT_TARGET = 9.3;
				MTL_ENABLE_DEBUG_INFO = YES;
				ONLY_ACTIVE_ARCH = YES;
				SDKROOT = iphoneos;
				TARGETED_DEVICE_FAMILY = "1,2";
			};
			name = Debug;
		};
		B6121ED81D86716F0066C818 /* Release */ = {
			isa = XCBuildConfiguration;
			buildSettings = {
				ALWAYS_SEARCH_USER_PATHS = NO;
				CLANG_ANALYZER_NONNULL = YES;
				CLANG_CXX_LANGUAGE_STANDARD = "gnu++0x";
				CLANG_CXX_LIBRARY = "libc++";
				CLANG_ENABLE_MODULES = YES;
				CLANG_ENABLE_OBJC_ARC = YES;
				CLANG_WARN_BOOL_CONVERSION = YES;
				CLANG_WARN_CONSTANT_CONVERSION = YES;
				CLANG_WARN_DIRECT_OBJC_ISA_USAGE = YES_ERROR;
				CLANG_WARN_EMPTY_BODY = YES;
				CLANG_WARN_ENUM_CONVERSION = YES;
				CLANG_WARN_INFINITE_RECURSION = YES;
				CLANG_WARN_INT_CONVERSION = YES;
				CLANG_WARN_OBJC_ROOT_CLASS = YES_ERROR;
				CLANG_WARN_SUSPICIOUS_MOVE = YES;
				CLANG_WARN_UNREACHABLE_CODE = YES;
				CLANG_WARN__DUPLICATE_METHOD_MATCH = YES;
				"CODE_SIGN_IDENTITY[sdk=iphoneos*]" = "iPhone Developer";
				COPY_PHASE_STRIP = NO;
				DEBUG_INFORMATION_FORMAT = "dwarf-with-dsym";
				ENABLE_NS_ASSERTIONS = NO;
				ENABLE_STRICT_OBJC_MSGSEND = YES;
				GCC_C_LANGUAGE_STANDARD = gnu99;
				GCC_NO_COMMON_BLOCKS = YES;
				GCC_WARN_64_TO_32_BIT_CONVERSION = YES;
				GCC_WARN_ABOUT_RETURN_TYPE = YES_ERROR;
				GCC_WARN_UNDECLARED_SELECTOR = YES;
				GCC_WARN_UNINITIALIZED_AUTOS = YES_AGGRESSIVE;
				GCC_WARN_UNUSED_FUNCTION = YES;
				GCC_WARN_UNUSED_VARIABLE = YES;
				IPHONEOS_DEPLOYMENT_TARGET = 9.3;
				MTL_ENABLE_DEBUG_INFO = NO;
				SDKROOT = iphoneos;
				TARGETED_DEVICE_FAMILY = "1,2";
				VALIDATE_PRODUCT = YES;
			};
			name = Release;
		};
		B6121EDA1D86716F0066C818 /* Debug */ = {
			isa = XCBuildConfiguration;
			baseConfigurationReference = 91F843E1750F49B4E09D251D /* Pods-Core iOS Learning.debug.xcconfig */;
			buildSettings = {
				ASSETCATALOG_COMPILER_APPICON_NAME = AppIcon;
				INFOPLIST_FILE = "Core iOS Learning/Info.plist";
				LD_RUNPATH_SEARCH_PATHS = "$(inherited) @executable_path/Frameworks";
				PRODUCT_BUNDLE_IDENTIFIER = "v.q.Core-iOS-Learning";
				PRODUCT_NAME = "$(TARGET_NAME)";
			};
			name = Debug;
		};
		B6121EDB1D86716F0066C818 /* Release */ = {
			isa = XCBuildConfiguration;
			baseConfigurationReference = E4D2008A82AF51B0E982AE7B /* Pods-Core iOS Learning.release.xcconfig */;
			buildSettings = {
				ASSETCATALOG_COMPILER_APPICON_NAME = AppIcon;
				INFOPLIST_FILE = "Core iOS Learning/Info.plist";
				LD_RUNPATH_SEARCH_PATHS = "$(inherited) @executable_path/Frameworks";
				PRODUCT_BUNDLE_IDENTIFIER = "v.q.Core-iOS-Learning";
				PRODUCT_NAME = "$(TARGET_NAME)";
			};
			name = Release;
		};
/* End XCBuildConfiguration section */

/* Begin XCConfigurationList section */
		B6121EBA1D86716F0066C818 /* Build configuration list for PBXProject "Core iOS Learning" */ = {
			isa = XCConfigurationList;
			buildConfigurations = (
				B6121ED71D86716F0066C818 /* Debug */,
				B6121ED81D86716F0066C818 /* Release */,
			);
			defaultConfigurationIsVisible = 0;
			defaultConfigurationName = Release;
		};
		B6121ED91D86716F0066C818 /* Build configuration list for PBXNativeTarget "Core iOS Learning" */ = {
			isa = XCConfigurationList;
			buildConfigurations = (
				B6121EDA1D86716F0066C818 /* Debug */,
				B6121EDB1D86716F0066C818 /* Release */,
			);
			defaultConfigurationIsVisible = 0;
			defaultConfigurationName = Release;
		};
/* End XCConfigurationList section */

/* Begin XCVersionGroup section */
		B6121ECE1D86716F0066C818 /* Core_iOS_Learning.xcdatamodeld */ = {
			isa = XCVersionGroup;
			children = (
				B6121ECF1D86716F0066C818 /* Core_iOS_Learning.xcdatamodel */,
			);
			currentVersion = B6121ECF1D86716F0066C818 /* Core_iOS_Learning.xcdatamodel */;
			path = Core_iOS_Learning.xcdatamodeld;
			sourceTree = "<group>";
			versionGroupType = wrapper.xcdatamodel;
		};
/* End XCVersionGroup section */
	};
	rootObject = B6121EB71D86716F0066C818 /* Project object */;
}
